{
  "name": "client",
  "lockfileVersion": 3,
  "requires": true,
  "packages": {
    "": {
      "dependencies": {
        "micro-js-html": "file:../../micro-js-html"
      }
    },
    "node_modules/micro-js-html": {
      "version": "0.0.2",
      "resolved": "file:../../micro-js-html",
      "license": "MIT"
    }
  }
}
