{
  "name": "client",
  "lockfileVersion": 3,
  "requires": true,
  "packages": {
    "": {
      "dependencies": {
        "micro-js-html": "file:../../micro-framework/micro-js-html"
      }
    },
    "../../micro-framework/micro-js-html": {
      "version": "0.0.2",
      "license": "MIT",
      "engines": {
        "node": ">=20.0.0"
      }
    },
    "node_modules/micro-js-html": {
      "resolved": "../../micro-framework/micro-js-html",
      "link": true
    }
  }
}
