{
  "name": "client",
  "lockfileVersion": 3,
  "requires": true,
  "packages": {
    "": {
      "dependencies": {
        "micro-js-html": "^0.0.4"
      }
    },
    "node_modules/micro-js-html": {
      "version": "0.0.4",
      "resolved": "https://registry.npmjs.org/micro-js-html/-/micro-js-html-0.0.4.tgz",
      "integrity": "sha512-X09HWVr6PYcU6b+GdXdT2wUSlk2Bv42EfyPk66RW2QaU9F4hGX75Q/7j+E+hi94XlD1v4vCCUaGFe4xHBayFcw==",
      "license": "MIT",
      "engines": {
        "node": ">=20.0.0"
      }
    }
  }
}
