{
  "name": "portfolio-server",
  "version": "1.0.0",
  "lockfileVersion": 3,
  "requires": true,
  "packages": {
    "": {
      "name": "portfolio-server",
      "version": "1.0.0",
      "license": "ISC",
      "dependencies": {
        "@yamf/client": "0.1.0",
        "@yamf/core": "0.3.2",
        "@yamf/services-file-server": "0.1.2"
      }
    },
    "node_modules/@yamf/client": {
      "version": "0.1.0",
      "resolved": "https://registry.npmjs.org/@yamf/client/-/client-0.1.0.tgz",
      "integrity": "sha512-z4Ose/HOKGjIWiNp7gPY3nND1ml4TABS42Y780vPK51W2/pc97NLuftN/viopJdOr1uwJbQ9kehNvAYL0G8zGA==",
      "license": "MIT",
      "engines": {
        "node": ">=20.0.0"
      }
    },
    "node_modules/@yamf/core": {
      "version": "0.3.2",
      "resolved": "https://registry.npmjs.org/@yamf/core/-/core-0.3.2.tgz",
      "integrity": "sha512-qHbIYROWcnSPJsoN6eT/R0Uyi3tbzI6Bfs6bBFwxtY7VlfEeFRr/beEPu5xxeJqKQmIvxeyWHHOdEyofBv6uGQ==",
      "license": "MIT",
      "engines": {
        "node": ">=20.0.0"
      },
      "peerDependencies": {
        "@yamf/client": "^0.1.0"
      },
      "peerDependenciesMeta": {
        "@yamf/client": {
          "optional": true
        }
      }
    },
    "node_modules/@yamf/services-file-server": {
      "version": "0.1.2",
      "resolved": "https://registry.npmjs.org/@yamf/services-file-server/-/services-file-server-0.1.2.tgz",
      "integrity": "sha512-HDnPxRCiRVayg52ZFUasbFEfUOFgVGy5VNVdLEUe5wweJBnLsOx8hP8Ee7egAcXNVeFXRsfrGgqe8iMf0rAzag==",
      "license": "MIT",
      "engines": {
        "node": ">=20.0.0"
      },
      "peerDependencies": {
        "@yamf/core": "^0.3.2"
      }
    }
  }
}
