{
  "name": "portfolio-server",
  "version": "1.0.0",
  "lockfileVersion": 3,
  "requires": true,
  "packages": {
    "": {
      "name": "portfolio-server",
      "version": "1.0.0",
      "license": "ISC",
      "dependencies": {
        "micro-js": "0.0.5",
        "micro-js-html": "0.0.3"
      }
    },
    "node_modules/micro-js": {
      "version": "0.0.5",
      "resolved": "https://registry.npmjs.org/micro-js/-/micro-js-0.0.5.tgz",
      "integrity": "sha512-0DcfHM5D948doHbhEfD13ihSPagpFxXPJsBArP6DkVgYG5vBLGdZf1pjjDBHh4KgNP+nEd87dr9MSTa1U0kYJw==",
      "license": "MIT",
      "engines": {
        "node": ">=20.0.0"
      }
    },
    "node_modules/micro-js-html": {
      "version": "0.0.3",
      "resolved": "https://registry.npmjs.org/micro-js-html/-/micro-js-html-0.0.3.tgz",
      "integrity": "sha512-DK+iAKj00P0AWsrsOtX1PWVwFnu/WMXEjTarUuC2hI8bX+EOGPWtyGk+edlEga1aaK84wauX9K8WwBHKQ5zBlw==",
      "license": "MIT",
      "engines": {
        "node": ">=20.0.0"
      }
    }
  }
}
