{
  "name": "portfolio-server",
  "version": "1.0.0",
  "lockfileVersion": 3,
  "requires": true,
  "packages": {
    "": {
      "name": "portfolio-server",
      "version": "1.0.0",
      "license": "ISC",
      "dependencies": {
        "micro-js": "file:../../../micro-js",
        "micro-js-html": "file:../../../micro-js-html"
      }
    },
    "node_modules/micro-js": {
      "version": "0.0.4",
      "resolved": "file:../../../micro-js",
      "license": "MIT"
    },
    "node_modules/micro-js-html": {
      "version": "0.0.2",
      "resolved": "file:../../../micro-js-html",
      "license": "MIT"
    }
  }
}
